
Microsoft Visual Studio Solution File, Format Version 12.00
# Visual Studio Version 16
VisualStudioVersion = 16.0.31129.286
MinimumVisualStudioVersion = 10.0.40219.1
Project("{FAE04EC0-301F-11D3-BF4B-00C04F79EFBC}") = "QuickEncodeDecode", "QuickEncodeDecode.csproj", "{36A46553-2D76-4C80-B543-DE305FAE9367}"
EndProject
Global
	GlobalSection(SolutionConfigurationPlatforms) = preSolution
		Debug|Any CPU = Debug|Any CPU
		Release|Any CPU = Release|Any CPU
	EndGlobalSection
	GlobalSection(ProjectConfigurationPlatforms) = postSolution
		{36A46553-2D76-4C80-B543-DE305FAE9367}.Debug|Any CPU.ActiveCfg = Debug|Any CPU
		{36A46553-2D76-4C80-B543-DE305FAE9367}.Debug|Any CPU.Build.0 = Debug|Any CPU
		{36A46553-2D76-4C80-B543-DE305FAE9367}.Release|Any CPU.ActiveCfg = Release|Any CPU
		{36A46553-2D76-4C80-B543-DE305FAE9367}.Release|Any CPU.Build.0 = Release|Any CPU
	EndGlobalSection
	GlobalSection(SolutionProperties) = preSolution
		HideSolutionNode = FALSE
	EndGlobalSection
	GlobalSection(ExtensibilityGlobals) = postSolution
		SolutionGuid = {AB6470EF-AE7C-446C-8D99-8545E083AC0F}
	EndGlobalSection
EndGlobal
